
Microsoft Visual Studio Solution File, Format Version 12.00
# Visual Studio Version 16
VisualStudioVersion = 16.0.31624.102
MinimumVisualStudioVersion = 10.0.40219.1
Project("{FAE04EC0-301F-11D3-BF4B-00C04F79EFBC}") = "IdeareOrcamentos", "IdeareOrcamentos\IdeareOrcamentos.csproj", "{A3249328-6E32-42A5-A9F0-97EF04D66D1C}"
EndProject
Global
	GlobalSection(SolutionConfigurationPlatforms) = preSolution
		Debug|Any CPU = Debug|Any CPU
		Release|Any CPU = Release|Any CPU
	EndGlobalSection
	GlobalSection(ProjectConfigurationPlatforms) = postSolution
		{A3249328-6E32-42A5-A9F0-97EF04D66D1C}.Debug|Any CPU.ActiveCfg = Debug|Any CPU
		{A3249328-6E32-42A5-A9F0-97EF04D66D1C}.Debug|Any CPU.Build.0 = Debug|Any CPU
		{A3249328-6E32-42A5-A9F0-97EF04D66D1C}.Release|Any CPU.ActiveCfg = Release|Any CPU
		{A3249328-6E32-42A5-A9F0-97EF04D66D1C}.Release|Any CPU.Build.0 = Release|Any CPU
	EndGlobalSection
	GlobalSection(SolutionProperties) = preSolution
		HideSolutionNode = FALSE
	EndGlobalSection
	GlobalSection(ExtensibilityGlobals) = postSolution
		SolutionGuid = {C751ED08-5D03-47B2-BF0C-EF82F83AE792}
	EndGlobalSection
EndGlobal
